
Microsoft Visual Studio Solution File, Format Version 12.00
# Visual Studio Version 16
VisualStudioVersion = 16.0.30011.22
MinimumVisualStudioVersion = 10.0.40219.1
Project("{FAE04EC0-301F-11D3-BF4B-00C04F79EFBC}") = "ProjetoTecnologia", "ProjetoTecnologia\ProjetoTecnologia.csproj", "{B8DDB7C7-2093-4499-9ED9-67C539C80071}"
EndProject
Global
	GlobalSection(SolutionConfigurationPlatforms) = preSolution
		Debug|Any CPU = Debug|Any CPU
		Release|Any CPU = Release|Any CPU
	EndGlobalSection
	GlobalSection(ProjectConfigurationPlatforms) = postSolution
		{B8DDB7C7-2093-4499-9ED9-67C539C80071}.Debug|Any CPU.ActiveCfg = Debug|Any CPU
		{B8DDB7C7-2093-4499-9ED9-67C539C80071}.Debug|Any CPU.Build.0 = Debug|Any CPU
		{B8DDB7C7-2093-4499-9ED9-67C539C80071}.Release|Any CPU.ActiveCfg = Release|Any CPU
		{B8DDB7C7-2093-4499-9ED9-67C539C80071}.Release|Any CPU.Build.0 = Release|Any CPU
	EndGlobalSection
	GlobalSection(SolutionProperties) = preSolution
		HideSolutionNode = FALSE
	EndGlobalSection
	GlobalSection(ExtensibilityGlobals) = postSolution
		SolutionGuid = {B14DD54B-5157-4D74-BA07-5C352678E5C7}
	EndGlobalSection
EndGlobal
